
Microsoft Visual Studio Solution File, Format Version 12.00
# Visual Studio Version 17
VisualStudioVersion = 17.0.31903.59
MinimumVisualStudioVersion = 10.0.40219.1
Project("{2150E333-8FDC-42A3-9474-1A3956D46DE8}") = "src", "src", "{827E0CD3-B72D-47B6-A68D-7590B98EB39B}"
EndProject
Project("{2150E333-8FDC-42A3-9474-1A3956D46DE8}") = "gateway", "gateway", "{6306A8FB-679E-111F-6585-8F70E0EE6013}"
EndProject
Project("{FAE04EC0-301F-11D3-BF4B-00C04F79EFBC}") = "CareBridge.Gateway", "src\gateway\CareBridge.Gateway\CareBridge.Gateway.csproj", "{CC0B21D0-E7FA-4A14-BFD4-862DFFAD9834}"
EndProject
Project("{FAE04EC0-301F-11D3-BF4B-00C04F79EFBC}") = "CareBridge.CaseService", "src\services\case-service\CareBridge.CaseService\CareBridge.CaseService.csproj", "{9240B6F5-1FAA-429C-AD96-15D75783DF09}"
EndProject
Project("{FAE04EC0-301F-11D3-BF4B-00C04F79EFBC}") = "CareBridge.CarePlanService", "src\services\careplan-service\CareBridge.CarePlanService\CareBridge.CarePlanService.csproj", "{247910C0-3AE2-4C2C-9AA6-B153028E15F9}"
EndProject
Project("{FAE04EC0-301F-11D3-BF4B-00C04F79EFBC}") = "CareBridge.ObservationService", "src\services\observation-service\CareBridge.ObservationService\CareBridge.ObservationService.csproj", "{0C40F811-9802-40B3-90E5-C49B2A049F08}"
EndProject
Project("{FAE04EC0-301F-11D3-BF4B-00C04F79EFBC}") = "CareBridge.CareGapEngine", "src\services\caregap-engine\CareBridge.CareGapEngine\CareBridge.CareGapEngine.csproj", "{6D2F3AF5-FC95-4C66-A01E-591D8A4D77FC}"
EndProject
Project("{FAE04EC0-301F-11D3-BF4B-00C04F79EFBC}") = "CareBridge.TaskService", "src\services\task-service\CareBridge.TaskService\CareBridge.TaskService.csproj", "{0F5D3696-AE7D-4B28-90FA-D474455CE37A}"
EndProject
Project("{FAE04EC0-301F-11D3-BF4B-00C04F79EFBC}") = "CareBridge.AppointmentService", "src\services\appointment-service\CareBridge.AppointmentService\CareBridge.AppointmentService.csproj", "{FEEEE40F-D66F-4A9A-B012-AA292B94FE9E}"
EndProject
Project("{FAE04EC0-301F-11D3-BF4B-00C04F79EFBC}") = "CareBridge.NotificationService", "src\services\notification-service\CareBridge.NotificationService\CareBridge.NotificationService.csproj", "{C92A7D81-E1AB-4E2B-92EE-858485C63711}"
EndProject
Project("{FAE04EC0-301F-11D3-BF4B-00C04F79EFBC}") = "CareBridge.AuditService", "src\services\audit-service\CareBridge.AuditService\CareBridge.AuditService.csproj", "{AEBED57F-0257-4081-BF4B-AA7345330367}"
EndProject
Project("{FAE04EC0-301F-11D3-BF4B-00C04F79EFBC}") = "CareBridge.ReportingService", "src\services\reporting-service\CareBridge.ReportingService\CareBridge.ReportingService.csproj", "{F5AC89B2-1EDA-4909-8032-34207BC456B6}"
EndProject
Project("{FAE04EC0-301F-11D3-BF4B-00C04F79EFBC}") = "CareBridge.Shared.Contracts", "src\shared\CareBridge.Shared.Contracts\CareBridge.Shared.Contracts.csproj", "{C0C4BAA1-1BAE-4100-9A89-954858D90BB4}"
EndProject
Project("{FAE04EC0-301F-11D3-BF4B-00C04F79EFBC}") = "CareBridge.Shared.Infrastructure", "src\shared\CareBridge.Shared.Infrastructure\CareBridge.Shared.Infrastructure.csproj", "{40155C6A-FF68-4ED1-B358-B2F0F7F06407}"
EndProject
Project("{FAE04EC0-301F-11D3-BF4B-00C04F79EFBC}") = "CareBridge.DbMigrator", "tools\db-migrator\CareBridge.DbMigrator\CareBridge.DbMigrator.csproj", "{307B2EEC-6CED-4F58-9C0D-CAAC383017DE}"
EndProject
Project("{2150E333-8FDC-42A3-9474-1A3956D46DE8}") = "tests", "tests", "{0AB3BF05-4346-4AA6-1389-037BE0695223}"
EndProject
Project("{2150E333-8FDC-42A3-9474-1A3956D46DE8}") = "unit", "unit", "{9D556B49-86D1-93A7-9596-FFAAB74EC556}"
EndProject
Project("{FAE04EC0-301F-11D3-BF4B-00C04F79EFBC}") = "CareBridge.CaseService.UnitTests", "tests\unit\CareBridge.CaseService.UnitTests\CareBridge.CaseService.UnitTests.csproj", "{2D32735F-DB87-4420-801B-FE29EB3BBFF5}"
EndProject
Project("{FAE04EC0-301F-11D3-BF4B-00C04F79EFBC}") = "CareBridge.Contracts.UnitTests", "tests\unit\CareBridge.Contracts.UnitTests\CareBridge.Contracts.UnitTests.csproj", "{EE98593B-73EC-4CD7-9E40-B9507BAE6B5B}"
EndProject
Project("{FAE04EC0-301F-11D3-BF4B-00C04F79EFBC}") = "CareBridge.CareGapEngine.UnitTests", "tests\unit\CareBridge.CareGapEngine.UnitTests\CareBridge.CareGapEngine.UnitTests.csproj", "{08420B7B-E7C9-4AF9-BD53-9FB969A84F53}"
EndProject
Global
	GlobalSection(SolutionConfigurationPlatforms) = preSolution
		Debug|Any CPU = Debug|Any CPU
		Debug|x64 = Debug|x64
		Debug|x86 = Debug|x86
		Release|Any CPU = Release|Any CPU
		Release|x64 = Release|x64
		Release|x86 = Release|x86
	EndGlobalSection
	GlobalSection(ProjectConfigurationPlatforms) = postSolution
		{CC0B21D0-E7FA-4A14-BFD4-862DFFAD9834}.Debug|Any CPU.ActiveCfg = Debug|Any CPU
		{CC0B21D0-E7FA-4A14-BFD4-862DFFAD9834}.Debug|Any CPU.Build.0 = Debug|Any CPU
		{CC0B21D0-E7FA-4A14-BFD4-862DFFAD9834}.Debug|x64.ActiveCfg = Debug|Any CPU
		{CC0B21D0-E7FA-4A14-BFD4-862DFFAD9834}.Debug|x64.Build.0 = Debug|Any CPU
		{CC0B21D0-E7FA-4A14-BFD4-862DFFAD9834}.Debug|x86.ActiveCfg = Debug|Any CPU
		{CC0B21D0-E7FA-4A14-BFD4-862DFFAD9834}.Debug|x86.Build.0 = Debug|Any CPU
		{CC0B21D0-E7FA-4A14-BFD4-862DFFAD9834}.Release|Any CPU.ActiveCfg = Release|Any CPU
		{CC0B21D0-E7FA-4A14-BFD4-862DFFAD9834}.Release|Any CPU.Build.0 = Release|Any CPU
		{CC0B21D0-E7FA-4A14-BFD4-862DFFAD9834}.Release|x64.ActiveCfg = Release|Any CPU
		{CC0B21D0-E7FA-4A14-BFD4-862DFFAD9834}.Release|x64.Build.0 = Release|Any CPU
		{CC0B21D0-E7FA-4A14-BFD4-862DFFAD9834}.Release|x86.ActiveCfg = Release|Any CPU
		{CC0B21D0-E7FA-4A14-BFD4-862DFFAD9834}.Release|x86.Build.0 = Release|Any CPU
		{9240B6F5-1FAA-429C-AD96-15D75783DF09}.Debug|Any CPU.ActiveCfg = Debug|Any CPU
		{9240B6F5-1FAA-429C-AD96-15D75783DF09}.Debug|Any CPU.Build.0 = Debug|Any CPU
		{9240B6F5-1FAA-429C-AD96-15D75783DF09}.Debug|x64.ActiveCfg = Debug|Any CPU
		{9240B6F5-1FAA-429C-AD96-15D75783DF09}.Debug|x64.Build.0 = Debug|Any CPU
		{9240B6F5-1FAA-429C-AD96-15D75783DF09}.Debug|x86.ActiveCfg = Debug|Any CPU
		{9240B6F5-1FAA-429C-AD96-15D75783DF09}.Debug|x86.Build.0 = Debug|Any CPU
		{9240B6F5-1FAA-429C-AD96-15D75783DF09}.Release|Any CPU.ActiveCfg = Release|Any CPU
		{9240B6F5-1FAA-429C-AD96-15D75783DF09}.Release|Any CPU.Build.0 = Release|Any CPU
		{9240B6F5-1FAA-429C-AD96-15D75783DF09}.Release|x64.ActiveCfg = Release|Any CPU
		{9240B6F5-1FAA-429C-AD96-15D75783DF09}.Release|x64.Build.0 = Release|Any CPU
		{9240B6F5-1FAA-429C-AD96-15D75783DF09}.Release|x86.ActiveCfg = Release|Any CPU
		{9240B6F5-1FAA-429C-AD96-15D75783DF09}.Release|x86.Build.0 = Release|Any CPU
		{247910C0-3AE2-4C2C-9AA6-B153028E15F9}.Debug|Any CPU.ActiveCfg = Debug|Any CPU
		{247910C0-3AE2-4C2C-9AA6-B153028E15F9}.Debug|Any CPU.Build.0 = Debug|Any CPU
		{247910C0-3AE2-4C2C-9AA6-B153028E15F9}.Debug|x64.ActiveCfg = Debug|Any CPU
		{247910C0-3AE2-4C2C-9AA6-B153028E15F9}.Debug|x64.Build.0 = Debug|Any CPU
		{247910C0-3AE2-4C2C-9AA6-B153028E15F9}.Debug|x86.ActiveCfg = Debug|Any CPU
		{247910C0-3AE2-4C2C-9AA6-B153028E15F9}.Debug|x86.Build.0 = Debug|Any CPU
		{247910C0-3AE2-4C2C-9AA6-B153028E15F9}.Release|Any CPU.ActiveCfg = Release|Any CPU
		{247910C0-3AE2-4C2C-9AA6-B153028E15F9}.Release|Any CPU.Build.0 = Release|Any CPU
		{247910C0-3AE2-4C2C-9AA6-B153028E15F9}.Release|x64.ActiveCfg = Release|Any CPU
		{247910C0-3AE2-4C2C-9AA6-B153028E15F9}.Release|x64.Build.0 = Release|Any CPU
		{247910C0-3AE2-4C2C-9AA6-B153028E15F9}.Release|x86.ActiveCfg = Release|Any CPU
		{247910C0-3AE2-4C2C-9AA6-B153028E15F9}.Release|x86.Build.0 = Release|Any CPU
		{0C40F811-9802-40B3-90E5-C49B2A049F08}.Debug|Any CPU.ActiveCfg = Debug|Any CPU
		{0C40F811-9802-40B3-90E5-C49B2A049F08}.Debug|Any CPU.Build.0 = Debug|Any CPU
		{0C40F811-9802-40B3-90E5-C49B2A049F08}.Debug|x64.ActiveCfg = Debug|Any CPU
		{0C40F811-9802-40B3-90E5-C49B2A049F08}.Debug|x64.Build.0 = Debug|Any CPU
		{0C40F811-9802-40B3-90E5-C49B2A049F08}.Debug|x86.ActiveCfg = Debug|Any CPU
		{0C40F811-9802-40B3-90E5-C49B2A049F08}.Debug|x86.Build.0 = Debug|Any CPU
		{0C40F811-9802-40B3-90E5-C49B2A049F08}.Release|Any CPU.ActiveCfg = Release|Any CPU
		{0C40F811-9802-40B3-90E5-C49B2A049F08}.Release|Any CPU.Build.0 = Release|Any CPU
		{0C40F811-9802-40B3-90E5-C49B2A049F08}.Release|x64.ActiveCfg = Release|Any CPU
		{0C40F811-9802-40B3-90E5-C49B2A049F08}.Release|x64.Build.0 = Release|Any CPU
		{0C40F811-9802-40B3-90E5-C49B2A049F08}.Release|x86.ActiveCfg = Release|Any CPU
		{0C40F811-9802-40B3-90E5-C49B2A049F08}.Release|x86.Build.0 = Release|Any CPU
		{6D2F3AF5-FC95-4C66-A01E-591D8A4D77FC}.Debug|Any CPU.ActiveCfg = Debug|Any CPU
		{6D2F3AF5-FC95-4C66-A01E-591D8A4D77FC}.Debug|Any CPU.Build.0 = Debug|Any CPU
		{6D2F3AF5-FC95-4C66-A01E-591D8A4D77FC}.Debug|x64.ActiveCfg = Debug|Any CPU
		{6D2F3AF5-FC95-4C66-A01E-591D8A4D77FC}.Debug|x64.Build.0 = Debug|Any CPU
		{6D2F3AF5-FC95-4C66-A01E-591D8A4D77FC}.Debug|x86.ActiveCfg = Debug|Any CPU
		{6D2F3AF5-FC95-4C66-A01E-591D8A4D77FC}.Debug|x86.Build.0 = Debug|Any CPU
		{6D2F3AF5-FC95-4C66-A01E-591D8A4D77FC}.Release|Any CPU.ActiveCfg = Release|Any CPU
		{6D2F3AF5-FC95-4C66-A01E-591D8A4D77FC}.Release|Any CPU.Build.0 = Release|Any CPU
		{6D2F3AF5-FC95-4C66-A01E-591D8A4D77FC}.Release|x64.ActiveCfg = Release|Any CPU
		{6D2F3AF5-FC95-4C66-A01E-591D8A4D77FC}.Release|x64.Build.0 = Release|Any CPU
		{6D2F3AF5-FC95-4C66-A01E-591D8A4D77FC}.Release|x86.ActiveCfg = Release|Any CPU
		{6D2F3AF5-FC95-4C66-A01E-591D8A4D77FC}.Release|x86.Build.0 = Release|Any CPU
		{0F5D3696-AE7D-4B28-90FA-D474455CE37A}.Debug|Any CPU.ActiveCfg = Debug|Any CPU
		{0F5D3696-AE7D-4B28-90FA-D474455CE37A}.Debug|Any CPU.Build.0 = Debug|Any CPU
		{0F5D3696-AE7D-4B28-90FA-D474455CE37A}.Debug|x64.ActiveCfg = Debug|Any CPU
		{0F5D3696-AE7D-4B28-90FA-D474455CE37A}.Debug|x64.Build.0 = Debug|Any CPU
		{0F5D3696-AE7D-4B28-90FA-D474455CE37A}.Debug|x86.ActiveCfg = Debug|Any CPU
		{0F5D3696-AE7D-4B28-90FA-D474455CE37A}.Debug|x86.Build.0 = Debug|Any CPU
		{0F5D3696-AE7D-4B28-90FA-D474455CE37A}.Release|Any CPU.ActiveCfg = Release|Any CPU
		{0F5D3696-AE7D-4B28-90FA-D474455CE37A}.Release|Any CPU.Build.0 = Release|Any CPU
		{0F5D3696-AE7D-4B28-90FA-D474455CE37A}.Release|x64.ActiveCfg = Release|Any CPU
		{0F5D3696-AE7D-4B28-90FA-D474455CE37A}.Release|x64.Build.0 = Release|Any CPU
		{0F5D3696-AE7D-4B28-90FA-D474455CE37A}.Release|x86.ActiveCfg = Release|Any CPU
		{0F5D3696-AE7D-4B28-90FA-D474455CE37A}.Release|x86.Build.0 = Release|Any CPU
		{FEEEE40F-D66F-4A9A-B012-AA292B94FE9E}.Debug|Any CPU.ActiveCfg = Debug|Any CPU
		{FEEEE40F-D66F-4A9A-B012-AA292B94FE9E}.Debug|Any CPU.Build.0 = Debug|Any CPU
		{FEEEE40F-D66F-4A9A-B012-AA292B94FE9E}.Debug|x64.ActiveCfg = Debug|Any CPU
		{FEEEE40F-D66F-4A9A-B012-AA292B94FE9E}.Debug|x64.Build.0 = Debug|Any CPU
		{FEEEE40F-D66F-4A9A-B012-AA292B94FE9E}.Debug|x86.ActiveCfg = Debug|Any CPU
		{FEEEE40F-D66F-4A9A-B012-AA292B94FE9E}.Debug|x86.Build.0 = Debug|Any CPU
		{FEEEE40F-D66F-4A9A-B012-AA292B94FE9E}.Release|Any CPU.ActiveCfg = Release|Any CPU
		{FEEEE40F-D66F-4A9A-B012-AA292B94FE9E}.Release|Any CPU.Build.0 = Release|Any CPU
		{FEEEE40F-D66F-4A9A-B012-AA292B94FE9E}.Release|x64.ActiveCfg = Release|Any CPU
		{FEEEE40F-D66F-4A9A-B012-AA292B94FE9E}.Release|x64.Build.0 = Release|Any CPU
		{FEEEE40F-D66F-4A9A-B012-AA292B94FE9E}.Release|x86.ActiveCfg = Release|Any CPU
		{FEEEE40F-D66F-4A9A-B012-AA292B94FE9E}.Release|x86.Build.0 = Release|Any CPU
		{C92A7D81-E1AB-4E2B-92EE-858485C63711}.Debug|Any CPU.ActiveCfg = Debug|Any CPU
		{C92A7D81-E1AB-4E2B-92EE-858485C63711}.Debug|Any CPU.Build.0 = Debug|Any CPU
		{C92A7D81-E1AB-4E2B-92EE-858485C63711}.Debug|x64.ActiveCfg = Debug|Any CPU
		{C92A7D81-E1AB-4E2B-92EE-858485C63711}.Debug|x64.Build.0 = Debug|Any CPU
		{C92A7D81-E1AB-4E2B-92EE-858485C63711}.Debug|x86.ActiveCfg = Debug|Any CPU
		{C92A7D81-E1AB-4E2B-92EE-858485C63711}.Debug|x86.Build.0 = Debug|Any CPU
		{C92A7D81-E1AB-4E2B-92EE-858485C63711}.Release|Any CPU.ActiveCfg = Release|Any CPU
		{C92A7D81-E1AB-4E2B-92EE-858485C63711}.Release|Any CPU.Build.0 = Release|Any CPU
		{C92A7D81-E1AB-4E2B-92EE-858485C63711}.Release|x64.ActiveCfg = Release|Any CPU
		{C92A7D81-E1AB-4E2B-92EE-858485C63711}.Release|x64.Build.0 = Release|Any CPU
		{C92A7D81-E1AB-4E2B-92EE-858485C63711}.Release|x86.ActiveCfg = Release|Any CPU
		{C92A7D81-E1AB-4E2B-92EE-858485C63711}.Release|x86.Build.0 = Release|Any CPU
		{AEBED57F-0257-4081-BF4B-AA7345330367}.Debug|Any CPU.ActiveCfg = Debug|Any CPU
		{AEBED57F-0257-4081-BF4B-AA7345330367}.Debug|Any CPU.Build.0 = Debug|Any CPU
		{AEBED57F-0257-4081-BF4B-AA7345330367}.Debug|x64.ActiveCfg = Debug|Any CPU
		{AEBED57F-0257-4081-BF4B-AA7345330367}.Debug|x64.Build.0 = Debug|Any CPU
		{AEBED57F-0257-4081-BF4B-AA7345330367}.Debug|x86.ActiveCfg = Debug|Any CPU
		{AEBED57F-0257-4081-BF4B-AA7345330367}.Debug|x86.Build.0 = Debug|Any CPU
		{AEBED57F-0257-4081-BF4B-AA7345330367}.Release|Any CPU.ActiveCfg = Release|Any CPU
		{AEBED57F-0257-4081-BF4B-AA7345330367}.Release|Any CPU.Build.0 = Release|Any CPU
		{AEBED57F-0257-4081-BF4B-AA7345330367}.Release|x64.ActiveCfg = Release|Any CPU
		{AEBED57F-0257-4081-BF4B-AA7345330367}.Release|x64.Build.0 = Release|Any CPU
		{AEBED57F-0257-4081-BF4B-AA7345330367}.Release|x86.ActiveCfg = Release|Any CPU
		{AEBED57F-0257-4081-BF4B-AA7345330367}.Release|x86.Build.0 = Release|Any CPU
		{F5AC89B2-1EDA-4909-8032-34207BC456B6}.Debug|Any CPU.ActiveCfg = Debug|Any CPU
		{F5AC89B2-1EDA-4909-8032-34207BC456B6}.Debug|Any CPU.Build.0 = Debug|Any CPU
		{F5AC89B2-1EDA-4909-8032-34207BC456B6}.Debug|x64.ActiveCfg = Debug|Any CPU
		{F5AC89B2-1EDA-4909-8032-34207BC456B6}.Debug|x64.Build.0 = Debug|Any CPU
		{F5AC89B2-1EDA-4909-8032-34207BC456B6}.Debug|x86.ActiveCfg = Debug|Any CPU
		{F5AC89B2-1EDA-4909-8032-34207BC456B6}.Debug|x86.Build.0 = Debug|Any CPU
		{F5AC89B2-1EDA-4909-8032-34207BC456B6}.Release|Any CPU.ActiveCfg = Release|Any CPU
		{F5AC89B2-1EDA-4909-8032-34207BC456B6}.Release|Any CPU.Build.0 = Release|Any CPU
		{F5AC89B2-1EDA-4909-8032-34207BC456B6}.Release|x64.ActiveCfg = Release|Any CPU
		{F5AC89B2-1EDA-4909-8032-34207BC456B6}.Release|x64.Build.0 = Release|Any CPU
		{F5AC89B2-1EDA-4909-8032-34207BC456B6}.Release|x86.ActiveCfg = Release|Any CPU
		{F5AC89B2-1EDA-4909-8032-34207BC456B6}.Release|x86.Build.0 = Release|Any CPU
		{C0C4BAA1-1BAE-4100-9A89-954858D90BB4}.Debug|Any CPU.ActiveCfg = Debug|Any CPU
		{C0C4BAA1-1BAE-4100-9A89-954858D90BB4}.Debug|Any CPU.Build.0 = Debug|Any CPU
		{C0C4BAA1-1BAE-4100-9A89-954858D90BB4}.Debug|x64.ActiveCfg = Debug|Any CPU
		{C0C4BAA1-1BAE-4100-9A89-954858D90BB4}.Debug|x64.Build.0 = Debug|Any CPU
		{C0C4BAA1-1BAE-4100-9A89-954858D90BB4}.Debug|x86.ActiveCfg = Debug|Any CPU
		{C0C4BAA1-1BAE-4100-9A89-954858D90BB4}.Debug|x86.Build.0 = Debug|Any CPU
		{C0C4BAA1-1BAE-4100-9A89-954858D90BB4}.Release|Any CPU.ActiveCfg = Release|Any CPU
		{C0C4BAA1-1BAE-4100-9A89-954858D90BB4}.Release|Any CPU.Build.0 = Release|Any CPU
		{C0C4BAA1-1BAE-4100-9A89-954858D90BB4}.Release|x64.ActiveCfg = Release|Any CPU
		{C0C4BAA1-1BAE-4100-9A89-954858D90BB4}.Release|x64.Build.0 = Release|Any CPU
		{C0C4BAA1-1BAE-4100-9A89-954858D90BB4}.Release|x86.ActiveCfg = Release|Any CPU
		{C0C4BAA1-1BAE-4100-9A89-954858D90BB4}.Release|x86.Build.0 = Release|Any CPU
		{40155C6A-FF68-4ED1-B358-B2F0F7F06407}.Debug|Any CPU.ActiveCfg = Debug|Any CPU
		{40155C6A-FF68-4ED1-B358-B2F0F7F06407}.Debug|Any CPU.Build.0 = Debug|Any CPU
		{40155C6A-FF68-4ED1-B358-B2F0F7F06407}.Debug|x64.ActiveCfg = Debug|Any CPU
		{40155C6A-FF68-4ED1-B358-B2F0F7F06407}.Debug|x64.Build.0 = Debug|Any CPU
		{40155C6A-FF68-4ED1-B358-B2F0F7F06407}.Debug|x86.ActiveCfg = Debug|Any CPU
		{40155C6A-FF68-4ED1-B358-B2F0F7F06407}.Debug|x86.Build.0 = Debug|Any CPU
		{40155C6A-FF68-4ED1-B358-B2F0F7F06407}.Release|Any CPU.ActiveCfg = Release|Any CPU
		{40155C6A-FF68-4ED1-B358-B2F0F7F06407}.Release|Any CPU.Build.0 = Release|Any CPU
		{40155C6A-FF68-4ED1-B358-B2F0F7F06407}.Release|x64.ActiveCfg = Release|Any CPU
		{40155C6A-FF68-4ED1-B358-B2F0F7F06407}.Release|x64.Build.0 = Release|Any CPU
		{40155C6A-FF68-4ED1-B358-B2F0F7F06407}.Release|x86.ActiveCfg = Release|Any CPU
		{40155C6A-FF68-4ED1-B358-B2F0F7F06407}.Release|x86.Build.0 = Release|Any CPU
		{307B2EEC-6CED-4F58-9C0D-CAAC383017DE}.Debug|Any CPU.ActiveCfg = Debug|Any CPU
		{307B2EEC-6CED-4F58-9C0D-CAAC383017DE}.Debug|Any CPU.Build.0 = Debug|Any CPU
		{307B2EEC-6CED-4F58-9C0D-CAAC383017DE}.Debug|x64.ActiveCfg = Debug|Any CPU
		{307B2EEC-6CED-4F58-9C0D-CAAC383017DE}.Debug|x64.Build.0 = Debug|Any CPU
		{307B2EEC-6CED-4F58-9C0D-CAAC383017DE}.Debug|x86.ActiveCfg = Debug|Any CPU
		{307B2EEC-6CED-4F58-9C0D-CAAC383017DE}.Debug|x86.Build.0 = Debug|Any CPU
		{307B2EEC-6CED-4F58-9C0D-CAAC383017DE}.Release|Any CPU.ActiveCfg = Release|Any CPU
		{307B2EEC-6CED-4F58-9C0D-CAAC383017DE}.Release|Any CPU.Build.0 = Release|Any CPU
		{307B2EEC-6CED-4F58-9C0D-CAAC383017DE}.Release|x64.ActiveCfg = Release|Any CPU
		{307B2EEC-6CED-4F58-9C0D-CAAC383017DE}.Release|x64.Build.0 = Release|Any CPU
		{307B2EEC-6CED-4F58-9C0D-CAAC383017DE}.Release|x86.ActiveCfg = Release|Any CPU
		{307B2EEC-6CED-4F58-9C0D-CAAC383017DE}.Release|x86.Build.0 = Release|Any CPU
		{2D32735F-DB87-4420-801B-FE29EB3BBFF5}.Debug|Any CPU.ActiveCfg = Debug|Any CPU
		{2D32735F-DB87-4420-801B-FE29EB3BBFF5}.Debug|Any CPU.Build.0 = Debug|Any CPU
		{2D32735F-DB87-4420-801B-FE29EB3BBFF5}.Debug|x64.ActiveCfg = Debug|Any CPU
		{2D32735F-DB87-4420-801B-FE29EB3BBFF5}.Debug|x64.Build.0 = Debug|Any CPU
		{2D32735F-DB87-4420-801B-FE29EB3BBFF5}.Debug|x86.ActiveCfg = Debug|Any CPU
		{2D32735F-DB87-4420-801B-FE29EB3BBFF5}.Debug|x86.Build.0 = Debug|Any CPU
		{2D32735F-DB87-4420-801B-FE29EB3BBFF5}.Release|Any CPU.ActiveCfg = Release|Any CPU
		{2D32735F-DB87-4420-801B-FE29EB3BBFF5}.Release|Any CPU.Build.0 = Release|Any CPU
		{2D32735F-DB87-4420-801B-FE29EB3BBFF5}.Release|x64.ActiveCfg = Release|Any CPU
		{2D32735F-DB87-4420-801B-FE29EB3BBFF5}.Release|x64.Build.0 = Release|Any CPU
		{2D32735F-DB87-4420-801B-FE29EB3BBFF5}.Release|x86.ActiveCfg = Release|Any CPU
		{2D32735F-DB87-4420-801B-FE29EB3BBFF5}.Release|x86.Build.0 = Release|Any CPU
		{EE98593B-73EC-4CD7-9E40-B9507BAE6B5B}.Debug|Any CPU.ActiveCfg = Debug|Any CPU
		{EE98593B-73EC-4CD7-9E40-B9507BAE6B5B}.Debug|Any CPU.Build.0 = Debug|Any CPU
		{EE98593B-73EC-4CD7-9E40-B9507BAE6B5B}.Debug|x64.ActiveCfg = Debug|Any CPU
		{EE98593B-73EC-4CD7-9E40-B9507BAE6B5B}.Debug|x64.Build.0 = Debug|Any CPU
		{EE98593B-73EC-4CD7-9E40-B9507BAE6B5B}.Debug|x86.ActiveCfg = Debug|Any CPU
		{EE98593B-73EC-4CD7-9E40-B9507BAE6B5B}.Debug|x86.Build.0 = Debug|Any CPU
		{EE98593B-73EC-4CD7-9E40-B9507BAE6B5B}.Release|Any CPU.ActiveCfg = Release|Any CPU
		{EE98593B-73EC-4CD7-9E40-B9507BAE6B5B}.Release|Any CPU.Build.0 = Release|Any CPU
		{EE98593B-73EC-4CD7-9E40-B9507BAE6B5B}.Release|x64.ActiveCfg = Release|Any CPU
		{EE98593B-73EC-4CD7-9E40-B9507BAE6B5B}.Release|x64.Build.0 = Release|Any CPU
		{EE98593B-73EC-4CD7-9E40-B9507BAE6B5B}.Release|x86.ActiveCfg = Release|Any CPU
		{EE98593B-73EC-4CD7-9E40-B9507BAE6B5B}.Release|x86.Build.0 = Release|Any CPU
		{08420B7B-E7C9-4AF9-BD53-9FB969A84F53}.Debug|Any CPU.ActiveCfg = Debug|Any CPU
		{08420B7B-E7C9-4AF9-BD53-9FB969A84F53}.Debug|Any CPU.Build.0 = Debug|Any CPU
		{08420B7B-E7C9-4AF9-BD53-9FB969A84F53}.Debug|x64.ActiveCfg = Debug|Any CPU
		{08420B7B-E7C9-4AF9-BD53-9FB969A84F53}.Debug|x64.Build.0 = Debug|Any CPU
		{08420B7B-E7C9-4AF9-BD53-9FB969A84F53}.Debug|x86.ActiveCfg = Debug|Any CPU
		{08420B7B-E7C9-4AF9-BD53-9FB969A84F53}.Debug|x86.Build.0 = Debug|Any CPU
		{08420B7B-E7C9-4AF9-BD53-9FB969A84F53}.Release|Any CPU.ActiveCfg = Release|Any CPU
		{08420B7B-E7C9-4AF9-BD53-9FB969A84F53}.Release|Any CPU.Build.0 = Release|Any CPU
		{08420B7B-E7C9-4AF9-BD53-9FB969A84F53}.Release|x64.ActiveCfg = Release|Any CPU
		{08420B7B-E7C9-4AF9-BD53-9FB969A84F53}.Release|x64.Build.0 = Release|Any CPU
		{08420B7B-E7C9-4AF9-BD53-9FB969A84F53}.Release|x86.ActiveCfg = Release|Any CPU
		{08420B7B-E7C9-4AF9-BD53-9FB969A84F53}.Release|x86.Build.0 = Release|Any CPU
	EndGlobalSection
	GlobalSection(SolutionProperties) = preSolution
		HideSolutionNode = FALSE
	EndGlobalSection
	GlobalSection(NestedProjects) = preSolution
		{6306A8FB-679E-111F-6585-8F70E0EE6013} = {827E0CD3-B72D-47B6-A68D-7590B98EB39B}
		{CC0B21D0-E7FA-4A14-BFD4-862DFFAD9834} = {6306A8FB-679E-111F-6585-8F70E0EE6013}
		{9240B6F5-1FAA-429C-AD96-15D75783DF09} = {6306A8FB-679E-111F-6585-8F70E0EE6013}
		{247910C0-3AE2-4C2C-9AA6-B153028E15F9} = {6306A8FB-679E-111F-6585-8F70E0EE6013}
		{0C40F811-9802-40B3-90E5-C49B2A049F08} = {6306A8FB-679E-111F-6585-8F70E0EE6013}
		{6D2F3AF5-FC95-4C66-A01E-591D8A4D77FC} = {6306A8FB-679E-111F-6585-8F70E0EE6013}
		{0F5D3696-AE7D-4B28-90FA-D474455CE37A} = {6306A8FB-679E-111F-6585-8F70E0EE6013}
		{FEEEE40F-D66F-4A9A-B012-AA292B94FE9E} = {6306A8FB-679E-111F-6585-8F70E0EE6013}
		{C92A7D81-E1AB-4E2B-92EE-858485C63711} = {6306A8FB-679E-111F-6585-8F70E0EE6013}
		{AEBED57F-0257-4081-BF4B-AA7345330367} = {6306A8FB-679E-111F-6585-8F70E0EE6013}
		{F5AC89B2-1EDA-4909-8032-34207BC456B6} = {6306A8FB-679E-111F-6585-8F70E0EE6013}
		{C0C4BAA1-1BAE-4100-9A89-954858D90BB4} = {6306A8FB-679E-111F-6585-8F70E0EE6013}
		{40155C6A-FF68-4ED1-B358-B2F0F7F06407} = {6306A8FB-679E-111F-6585-8F70E0EE6013}
		{307B2EEC-6CED-4F58-9C0D-CAAC383017DE} = {6306A8FB-679E-111F-6585-8F70E0EE6013}
		{9D556B49-86D1-93A7-9596-FFAAB74EC556} = {0AB3BF05-4346-4AA6-1389-037BE0695223}
		{2D32735F-DB87-4420-801B-FE29EB3BBFF5} = {9D556B49-86D1-93A7-9596-FFAAB74EC556}
		{EE98593B-73EC-4CD7-9E40-B9507BAE6B5B} = {9D556B49-86D1-93A7-9596-FFAAB74EC556}
		{08420B7B-E7C9-4AF9-BD53-9FB969A84F53} = {9D556B49-86D1-93A7-9596-FFAAB74EC556}
	EndGlobalSection
EndGlobal
